// !$*UTF8*$!
{
	archiveVersion = 1;
	classes = {
	};
	objectVersion = 50;
	objects = {

/* Begin PBXBuildFile section */
		1789DD51250A659A003C0D6B /* AppDelegate.swift in Sources */ = {isa = PBXBuildFile; fileRef = 1789DD50250A659A003C0D6B /* AppDelegate.swift */; };
		1789DD53250A659A003C0D6B /* SceneDelegate.swift in Sources */ = {isa = PBXBuildFile; fileRef = 1789DD52250A659A003C0D6B /* SceneDelegate.swift */; };
		1789DD55250A659A003C0D6B /* ViewController.swift in Sources */ = {isa = PBXBuildFile; fileRef = 1789DD54250A659A003C0D6B /* ViewController.swift */; };
		1789DD58250A659A003C0D6B /* Main.storyboard in Resources */ = {isa = PBXBuildFile; fileRef = 1789DD56250A659A003C0D6B /* Main.storyboard */; };
		1789DD5A250A659E003C0D6B /* Assets.xcassets in Resources */ = {isa = PBXBuildFile; fileRef = 1789DD59250A659E003C0D6B /* Assets.xcassets */; };
		1789DD5D250A659E003C0D6B /* LaunchScreen.storyboard in Resources */ = {isa = PBXBuildFile; fileRef = 1789DD5B250A659E003C0D6B /* LaunchScreen.storyboard */; };
		1789DD68250A659E003C0D6B /* L4STechMonTests.swift in Sources */ = {isa = PBXBuildFile; fileRef = 1789DD67250A659E003C0D6B /* L4STechMonTests.swift */; };
		1789DD73250A659E003C0D6B /* L4STechMonUITests.swift in Sources */ = {isa = PBXBuildFile; fileRef = 1789DD72250A659E003C0D6B /* L4STechMonUITests.swift */; };
		1789DD96250A65D1003C0D6B /* lobby.png in Resources */ = {isa = PBXBuildFile; fileRef = 1789DD82250A65D1003C0D6B /* lobby.png */; };
		1789DD97250A65D1003C0D6B /* battlebg.png in Resources */ = {isa = PBXBuildFile; fileRef = 1789DD83250A65D1003C0D6B /* battlebg.png */; };
		1789DD98250A65D1003C0D6B /* bgimage.jpg in Resources */ = {isa = PBXBuildFile; fileRef = 1789DD84250A65D1003C0D6B /* bgimage.jpg */; };
		1789DD99250A65D1003C0D6B /* waku.png in Resources */ = {isa = PBXBuildFile; fileRef = 1789DD85250A65D1003C0D6B /* waku.png */; };
		1789DD9A250A65D1003C0D6B /* gold_button.png in Resources */ = {isa = PBXBuildFile; fileRef = 1789DD86250A65D1003C0D6B /* gold_button.png */; };
		1789DD9B250A65D1003C0D6B /* yusya.png in Resources */ = {isa = PBXBuildFile; fileRef = 1789DD87250A65D1003C0D6B /* yusya.png */; };
		1789DD9C250A65D1003C0D6B /* monster.png in Resources */ = {isa = PBXBuildFile; fileRef = 1789DD88250A65D1003C0D6B /* monster.png */; };
		1789DD9D250A65D1003C0D6B /* TechMonManager.swift in Sources */ = {isa = PBXBuildFile; fileRef = 1789DD8A250A65D1003C0D6B /* TechMonManager.swift */; };
		1789DD9E250A65D1003C0D6B /* Character.swift in Sources */ = {isa = PBXBuildFile; fileRef = 1789DD8B250A65D1003C0D6B /* Character.swift */; };
		1789DD9F250A65D1003C0D6B /* SE_fanfare.mp3 in Resources */ = {isa = PBXBuildFile; fileRef = 1789DD8D250A65D1003C0D6B /* SE_fanfare.mp3 */; };
		1789DDA0250A65D1003C0D6B /* BGM_battle001.mp3 in Resources */ = {isa = PBXBuildFile; fileRef = 1789DD8E250A65D1003C0D6B /* BGM_battle001.mp3 */; };
		1789DDA1250A65D1003C0D6B /* SE_fire.mp3 in Resources */ = {isa = PBXBuildFile; fileRef = 1789DD8F250A65D1003C0D6B /* SE_fire.mp3 */; };
		1789DDA2250A65D1003C0D6B /* SE_attack.mp3 in Resources */ = {isa = PBXBuildFile; fileRef = 1789DD90250A65D1003C0D6B /* SE_attack.mp3 */; };
		1789DDA3250A65D1003C0D6B /* SE_gameover.mp3 in Resources */ = {isa = PBXBuildFile; fileRef = 1789DD91250A65D1003C0D6B /* SE_gameover.mp3 */; };
		1789DDA4250A65D1003C0D6B /* SE_charge.mp3 in Resources */ = {isa = PBXBuildFile; fileRef = 1789DD92250A65D1003C0D6B /* SE_charge.mp3 */; };
		1789DDA5250A65D1003C0D6B /* lobby.mp3 in Resources */ = {isa = PBXBuildFile; fileRef = 1789DD93250A65D1003C0D6B /* lobby.mp3 */; };
		1789DDA6250A65D1003C0D6B /* misaki_gothic.ttf in Resources */ = {isa = PBXBuildFile; fileRef = 1789DD95250A65D1003C0D6B /* misaki_gothic.ttf */; };
		1789DDA8250D3B27003C0D6B /* LobbyViewController.swift in Sources */ = {isa = PBXBuildFile; fileRef = 1789DDA7250D3B27003C0D6B /* LobbyViewController.swift */; };
/* End PBXBuildFile section */

/* Begin PBXContainerItemProxy section */
		1789DD64250A659E003C0D6B /* PBXContainerItemProxy */ = {
			isa = PBXContainerItemProxy;
			containerPortal = 1789DD45250A659A003C0D6B /* Project object */;
			proxyType = 1;
			remoteGlobalIDString = 1789DD4C250A659A003C0D6B;
			remoteInfo = L4STechMon;
		};
		1789DD6F250A659E003C0D6B /* PBXContainerItemProxy */ = {
			isa = PBXContainerItemProxy;
			containerPortal = 1789DD45250A659A003C0D6B /* Project object */;
			proxyType = 1;
			remoteGlobalIDString = 1789DD4C250A659A003C0D6B;
			remoteInfo = L4STechMon;
		};
/* End PBXContainerItemProxy section */

/* Begin PBXFileReference section */
		1789DD4D250A659A003C0D6B /* L4STechMon.app */ = {isa = PBXFileReference; explicitFileType = wrapper.application; includeInIndex = 0; path = L4STechMon.app; sourceTree = BUILT_PRODUCTS_DIR; };
		1789DD50250A659A003C0D6B /* AppDelegate.swift */ = {isa = PBXFileReference; lastKnownFileType = sourcecode.swift; path = AppDelegate.swift; sourceTree = "<group>"; };
		1789DD52250A659A003C0D6B /* SceneDelegate.swift */ = {isa = PBXFileReference; lastKnownFileType = sourcecode.swift; path = SceneDelegate.swift; sourceTree = "<group>"; };
		1789DD54250A659A003C0D6B /* ViewController.swift */ = {isa = PBXFileReference; lastKnownFileType = sourcecode.swift; path = ViewController.swift; sourceTree = "<group>"; };
		1789DD57250A659A003C0D6B /* Base */ = {isa = PBXFileReference; lastKnownFileType = file.storyboard; name = Base; path = Base.lproj/Main.storyboard; sourceTree = "<group>"; };
		1789DD59250A659E003C0D6B /* Assets.xcassets */ = {isa = PBXFileReference; lastKnownFileType = folder.assetcatalog; path = Assets.xcassets; sourceTree = "<group>"; };
		1789DD5C250A659E003C0D6B /* Base */ = {isa = PBXFileReference; lastKnownFileType = file.storyboard; name = Base; path = Base.lproj/LaunchScreen.storyboard; sourceTree = "<group>"; };
		1789DD5E250A659E003C0D6B /* Info.plist */ = {isa = PBXFileReference; lastKnownFileType = text.plist.xml; path = Info.plist; sourceTree = "<group>"; };
		1789DD63250A659E003C0D6B /* L4STechMonTests.xctest */ = {isa = PBXFileReference; explicitFileType = wrapper.cfbundle; includeInIndex = 0; path = L4STechMonTests.xctest; sourceTree = BUILT_PRODUCTS_DIR; };
		1789DD67250A659E003C0D6B /* L4STechMonTests.swift */ = {isa = PBXFileReference; lastKnownFileType = sourcecode.swift; path = L4STechMonTests.swift; sourceTree = "<group>"; };
		1789DD69250A659E003C0D6B /* Info.plist */ = {isa = PBXFileReference; lastKnownFileType = text.plist.xml; path = Info.plist; sourceTree = "<group>"; };
		1789DD6E250A659E003C0D6B /* L4STechMonUITests.xctest */ = {isa = PBXFileReference; explicitFileType = wrapper.cfbundle; includeInIndex = 0; path = L4STechMonUITests.xctest; sourceTree = BUILT_PRODUCTS_DIR; };
		1789DD72250A659E003C0D6B /* L4STechMonUITests.swift */ = {isa = PBXFileReference; lastKnownFileType = sourcecode.swift; path = L4STechMonUITests.swift; sourceTree = "<group>"; };
		1789DD74250A659E003C0D6B /* Info.plist */ = {isa = PBXFileReference; lastKnownFileType = text.plist.xml; path = Info.plist; sourceTree = "<group>"; };
		1789DD82250A65D1003C0D6B /* lobby.png */ = {isa = PBXFileReference; lastKnownFileType = image.png; path = lobby.png; sourceTree = "<group>"; };
		1789DD83250A65D1003C0D6B /* battlebg.png */ = {isa = PBXFileReference; lastKnownFileType = image.png; path = battlebg.png; sourceTree = "<group>"; };
		1789DD84250A65D1003C0D6B /* bgimage.jpg */ = {isa = PBXFileReference; lastKnownFileType = image.jpeg; path = bgimage.jpg; sourceTree = "<group>"; };
		1789DD85250A65D1003C0D6B /* waku.png */ = {isa = PBXFileReference; lastKnownFileType = image.png; path = waku.png; sourceTree = "<group>"; };
		1789DD86250A65D1003C0D6B /* gold_button.png */ = {isa = PBXFileReference; lastKnownFileType = image.png; path = gold_button.png; sourceTree = "<group>"; };
		1789DD87250A65D1003C0D6B /* yusya.png */ = {isa = PBXFileReference; lastKnownFileType = image.png; path = yusya.png; sourceTree = "<group>"; };
		1789DD88250A65D1003C0D6B /* monster.png */ = {isa = PBXFileReference; lastKnownFileType = image.png; path = monster.png; sourceTree = "<group>"; };
		1789DD8A250A65D1003C0D6B /* TechMonManager.swift */ = {isa = PBXFileReference; fileEncoding = 4; lastKnownFileType = sourcecode.swift; path = TechMonManager.swift; sourceTree = "<group>"; };
		1789DD8B250A65D1003C0D6B /* Character.swift */ = {isa = PBXFileReference; fileEncoding = 4; lastKnownFileType = sourcecode.swift; path = Character.swift; sourceTree = "<group>"; };
		1789DD8D250A65D1003C0D6B /* SE_fanfare.mp3 */ = {isa = PBXFileReference; lastKnownFileType = audio.mp3; path = SE_fanfare.mp3; sourceTree = "<group>"; };
		1789DD8E250A65D1003C0D6B /* BGM_battle001.mp3 */ = {isa = PBXFileReference; lastKnownFileType = audio.mp3; path = BGM_battle001.mp3; sourceTree = "<group>"; };
		1789DD8F250A65D1003C0D6B /* SE_fire.mp3 */ = {isa = PBXFileReference; lastKnownFileType = audio.mp3; path = SE_fire.mp3; sourceTree = "<group>"; };
		1789DD90250A65D1003C0D6B /* SE_attack.mp3 */ = {isa = PBXFileReference; lastKnownFileType = audio.mp3; path = SE_attack.mp3; sourceTree = "<group>"; };
		1789DD91250A65D1003C0D6B /* SE_gameover.mp3 */ = {isa = PBXFileReference; lastKnownFileType = audio.mp3; path = SE_gameover.mp3; sourceTree = "<group>"; };
		1789DD92250A65D1003C0D6B /* SE_charge.mp3 */ = {isa = PBXFileReference; lastKnownFileType = audio.mp3; path = SE_charge.mp3; sourceTree = "<group>"; };
		1789DD93250A65D1003C0D6B /* lobby.mp3 */ = {isa = PBXFileReference; lastKnownFileType = audio.mp3; path = lobby.mp3; sourceTree = "<group>"; };
		1789DD95250A65D1003C0D6B /* misaki_gothic.ttf */ = {isa = PBXFileReference; lastKnownFileType = file; path = misaki_gothic.ttf; sourceTree = "<group>"; };
		1789DDA7250D3B27003C0D6B /* LobbyViewController.swift */ = {isa = PBXFileReference; lastKnownFileType = sourcecode.swift; path = LobbyViewController.swift; sourceTree = "<group>"; };
/* End PBXFileReference section */

/* Begin PBXFrameworksBuildPhase section */
		1789DD4A250A659A003C0D6B /* Frameworks */ = {
			isa = PBXFrameworksBuildPhase;
			buildActionMask = 2147483647;
			files = (
			);
			runOnlyForDeploymentPostprocessing = 0;
		};
		1789DD60250A659E003C0D6B /* Frameworks */ = {
			isa = PBXFrameworksBuildPhase;
			buildActionMask = 2147483647;
			files = (
			);
			runOnlyForDeploymentPostprocessing = 0;
		};
		1789DD6B250A659E003C0D6B /* Frameworks */ = {
			isa = PBXFrameworksBuildPhase;
			buildActionMask = 2147483647;
			files = (
			);
			runOnlyForDeploymentPostprocessing = 0;
		};
/* End PBXFrameworksBuildPhase section */

/* Begin PBXGroup section */
		1789DD44250A659A003C0D6B = {
			isa = PBXGroup;
			children = (
				1789DD4F250A659A003C0D6B /* L4STechMon */,
				1789DD66250A659E003C0D6B /* L4STechMonTests */,
				1789DD71250A659E003C0D6B /* L4STechMonUITests */,
				1789DD4E250A659A003C0D6B /* Products */,
			);
			sourceTree = "<group>";
		};
		1789DD4E250A659A003C0D6B /* Products */ = {
			isa = PBXGroup;
			children = (
				1789DD4D250A659A003C0D6B /* L4STechMon.app */,
				1789DD63250A659E003C0D6B /* L4STechMonTests.xctest */,
				1789DD6E250A659E003C0D6B /* L4STechMonUITests.xctest */,
			);
			name = Products;
			sourceTree = "<group>";
		};
		1789DD4F250A659A003C0D6B /* L4STechMon */ = {
			isa = PBXGroup;
			children = (
				1789DD80250A65D1003C0D6B /* TechMon_Resource */,
				1789DD50250A659A003C0D6B /* AppDelegate.swift */,
				1789DD52250A659A003C0D6B /* SceneDelegate.swift */,
				1789DD54250A659A003C0D6B /* ViewController.swift */,
				1789DDA7250D3B27003C0D6B /* LobbyViewController.swift */,
				1789DD56250A659A003C0D6B /* Main.storyboard */,
				1789DD59250A659E003C0D6B /* Assets.xcassets */,
				1789DD5B250A659E003C0D6B /* LaunchScreen.storyboard */,
				1789DD5E250A659E003C0D6B /* Info.plist */,
			);
			path = L4STechMon;
			sourceTree = "<group>";
		};
		1789DD66250A659E003C0D6B /* L4STechMonTests */ = {
			isa = PBXGroup;
			children = (
				1789DD67250A659E003C0D6B /* L4STechMonTests.swift */,
				1789DD69250A659E003C0D6B /* Info.plist */,
			);
			path = L4STechMonTests;
			sourceTree = "<group>";
		};
		1789DD71250A659E003C0D6B /* L4STechMonUITests */ = {
			isa = PBXGroup;
			children = (
				1789DD72250A659E003C0D6B /* L4STechMonUITests.swift */,
				1789DD74250A659E003C0D6B /* Info.plist */,
			);
			path = L4STechMonUITests;
			sourceTree = "<group>";
		};
		1789DD80250A65D1003C0D6B /* TechMon_Resource */ = {
			isa = PBXGroup;
			children = (
				1789DD81250A65D1003C0D6B /* Images */,
				1789DD89250A65D1003C0D6B /* Models */,
				1789DD8C250A65D1003C0D6B /* Sounds */,
				1789DD94250A65D1003C0D6B /* Fonts */,
			);
			path = TechMon_Resource;
			sourceTree = "<group>";
		};
		1789DD81250A65D1003C0D6B /* Images */ = {
			isa = PBXGroup;
			children = (
				1789DD82250A65D1003C0D6B /* lobby.png */,
				1789DD83250A65D1003C0D6B /* battlebg.png */,
				1789DD84250A65D1003C0D6B /* bgimage.jpg */,
				1789DD85250A65D1003C0D6B /* waku.png */,
				1789DD86250A65D1003C0D6B /* gold_button.png */,
				1789DD87250A65D1003C0D6B /* yusya.png */,
				1789DD88250A65D1003C0D6B /* monster.png */,
			);
			path = Images;
			sourceTree = "<group>";
		};
		1789DD89250A65D1003C0D6B /* Models */ = {
			isa = PBXGroup;
			children = (
				1789DD8A250A65D1003C0D6B /* TechMonManager.swift */,
				1789DD8B250A65D1003C0D6B /* Character.swift */,
			);
			path = Models;
			sourceTree = "<group>";
		};
		1789DD8C250A65D1003C0D6B /* Sounds */ = {
			isa = PBXGroup;
			children = (
				1789DD8D250A65D1003C0D6B /* SE_fanfare.mp3 */,
				1789DD8E250A65D1003C0D6B /* BGM_battle001.mp3 */,
				1789DD8F250A65D1003C0D6B /* SE_fire.mp3 */,
				1789DD90250A65D1003C0D6B /* SE_attack.mp3 */,
				1789DD91250A65D1003C0D6B /* SE_gameover.mp3 */,
				1789DD92250A65D1003C0D6B /* SE_charge.mp3 */,
				1789DD93250A65D1003C0D6B /* lobby.mp3 */,
			);
			path = Sounds;
			sourceTree = "<group>";
		};
		1789DD94250A65D1003C0D6B /* Fonts */ = {
			isa = PBXGroup;
			children = (
				1789DD95250A65D1003C0D6B /* misaki_gothic.ttf */,
			);
			path = Fonts;
			sourceTree = "<group>";
		};
/* End PBXGroup section */

/* Begin PBXNativeTarget section */
		1789DD4C250A659A003C0D6B /* L4STechMon */ = {
			isa = PBXNativeTarget;
			buildConfigurationList = 1789DD77250A659E003C0D6B /* Build configuration list for PBXNativeTarget "L4STechMon" */;
			buildPhases = (
				1789DD49250A659A003C0D6B /* Sources */,
				1789DD4A250A659A003C0D6B /* Frameworks */,
				1789DD4B250A659A003C0D6B /* Resources */,
			);
			buildRules = (
			);
			dependencies = (
			);
			name = L4STechMon;
			productName = L4STechMon;
			productReference = 1789DD4D250A659A003C0D6B /* L4STechMon.app */;
			productType = "com.apple.product-type.application";
		};
		1789DD62250A659E003C0D6B /* L4STechMonTests */ = {
			isa = PBXNativeTarget;
			buildConfigurationList = 1789DD7A250A659E003C0D6B /* Build configuration list for PBXNativeTarget "L4STechMonTests" */;
			buildPhases = (
				1789DD5F250A659E003C0D6B /* Sources */,
				1789DD60250A659E003C0D6B /* Frameworks */,
				1789DD61250A659E003C0D6B /* Resources */,
			);
			buildRules = (
			);
			dependencies = (
				1789DD65250A659E003C0D6B /* PBXTargetDependency */,
			);
			name = L4STechMonTests;
			productName = L4STechMonTests;
			productReference = 1789DD63250A659E003C0D6B /* L4STechMonTests.xctest */;
			productType = "com.apple.product-type.bundle.unit-test";
		};
		1789DD6D250A659E003C0D6B /* L4STechMonUITests */ = {
			isa = PBXNativeTarget;
			buildConfigurationList = 1789DD7D250A659E003C0D6B /* Build configuration list for PBXNativeTarget "L4STechMonUITests" */;
			buildPhases = (
				1789DD6A250A659E003C0D6B /* Sources */,
				1789DD6B250A659E003C0D6B /* Frameworks */,
				1789DD6C250A659E003C0D6B /* Resources */,
			);
			buildRules = (
			);
			dependencies = (
				1789DD70250A659E003C0D6B /* PBXTargetDependency */,
			);
			name = L4STechMonUITests;
			productName = L4STechMonUITests;
			productReference = 1789DD6E250A659E003C0D6B /* L4STechMonUITests.xctest */;
			productType = "com.apple.product-type.bundle.ui-testing";
		};
/* End PBXNativeTarget section */

/* Begin PBXProject section */
		1789DD45250A659A003C0D6B /* Project object */ = {
			isa = PBXProject;
			attributes = {
				LastSwiftUpdateCheck = 1170;
				LastUpgradeCheck = 1170;
				ORGANIZATIONNAME = "Takemura assan";
				TargetAttributes = {
					1789DD4C250A659A003C0D6B = {
						CreatedOnToolsVersion = 11.7;
					};
					1789DD62250A659E003C0D6B = {
						CreatedOnToolsVersion = 11.7;
						TestTargetID = 1789DD4C250A659A003C0D6B;
					};
					1789DD6D250A659E003C0D6B = {
						CreatedOnToolsVersion = 11.7;
						TestTargetID = 1789DD4C250A659A003C0D6B;
					};
				};
			};
			buildConfigurationList = 1789DD48250A659A003C0D6B /* Build configuration list for PBXProject "L4STechMon" */;
			compatibilityVersion = "Xcode 9.3";
			developmentRegion = en;
			hasScannedForEncodings = 0;
			knownRegions = (
				en,
				Base,
			);
			mainGroup = 1789DD44250A659A003C0D6B;
			productRefGroup = 1789DD4E250A659A003C0D6B /* Products */;
			projectDirPath = "";
			projectRoot = "";
			targets = (
				1789DD4C250A659A003C0D6B /* L4STechMon */,
				1789DD62250A659E003C0D6B /* L4STechMonTests */,
				1789DD6D250A659E003C0D6B /* L4STechMonUITests */,
			);
		};
/* End PBXProject section */

/* Begin PBXResourcesBuildPhase section */
		1789DD4B250A659A003C0D6B /* Resources */ = {
			isa = PBXResourcesBuildPhase;
			buildActionMask = 2147483647;
			files = (
				1789DD9B250A65D1003C0D6B /* yusya.png in Resources */,
				1789DD98250A65D1003C0D6B /* bgimage.jpg in Resources */,
				1789DD99250A65D1003C0D6B /* waku.png in Resources */,
				1789DD9F250A65D1003C0D6B /* SE_fanfare.mp3 in Resources */,
				1789DD96250A65D1003C0D6B /* lobby.png in Resources */,
				1789DD9A250A65D1003C0D6B /* gold_button.png in Resources */,
				1789DDA2250A65D1003C0D6B /* SE_attack.mp3 in Resources */,
				1789DD5D250A659E003C0D6B /* LaunchScreen.storyboard in Resources */,
				1789DDA5250A65D1003C0D6B /* lobby.mp3 in Resources */,
				1789DD5A250A659E003C0D6B /* Assets.xcassets in Resources */,
				1789DDA6250A65D1003C0D6B /* misaki_gothic.ttf in Resources */,
				1789DDA3250A65D1003C0D6B /* SE_gameover.mp3 in Resources */,
				1789DD97250A65D1003C0D6B /* battlebg.png in Resources */,
				1789DDA0250A65D1003C0D6B /* BGM_battle001.mp3 in Resources */,
				1789DDA4250A65D1003C0D6B /* SE_charge.mp3 in Resources */,
				1789DDA1250A65D1003C0D6B /* SE_fire.mp3 in Resources */,
				1789DD9C250A65D1003C0D6B /* monster.png in Resources */,
				1789DD58250A659A003C0D6B /* Main.storyboard in Resources */,
			);
			runOnlyForDeploymentPostprocessing = 0;
		};
		1789DD61250A659E003C0D6B /* Resources */ = {
			isa = PBXResourcesBuildPhase;
			buildActionMask = 2147483647;
			files = (
			);
			runOnlyForDeploymentPostprocessing = 0;
		};
		1789DD6C250A659E003C0D6B /* Resources */ = {
			isa = PBXResourcesBuildPhase;
			buildActionMask = 2147483647;
			files = (
			);
			runOnlyForDeploymentPostprocessing = 0;
		};
/* End PBXResourcesBuildPhase section */

/* Begin PBXSourcesBuildPhase section */
		1789DD49250A659A003C0D6B /* Sources */ = {
			isa = PBXSourcesBuildPhase;
			buildActionMask = 2147483647;
			files = (
				1789DD9D250A65D1003C0D6B /* TechMonManager.swift in Sources */,
				1789DD55250A659A003C0D6B /* ViewController.swift in Sources */,
				1789DD9E250A65D1003C0D6B /* Character.swift in Sources */,
				1789DDA8250D3B27003C0D6B /* LobbyViewController.swift in Sources */,
				1789DD51250A659A003C0D6B /* AppDelegate.swift in Sources */,
				1789DD53250A659A003C0D6B /* SceneDelegate.swift in Sources */,
			);
			runOnlyForDeploymentPostprocessing = 0;
		};
		1789DD5F250A659E003C0D6B /* Sources */ = {
			isa = PBXSourcesBuildPhase;
			buildActionMask = 2147483647;
			files = (
				1789DD68250A659E003C0D6B /* L4STechMonTests.swift in Sources */,
			);
			runOnlyForDeploymentPostprocessing = 0;
		};
		1789DD6A250A659E003C0D6B /* Sources */ = {
			isa = PBXSourcesBuildPhase;
			buildActionMask = 2147483647;
			files = (
				1789DD73250A659E003C0D6B /* L4STechMonUITests.swift in Sources */,
			);
			runOnlyForDeploymentPostprocessing = 0;
		};
/* End PBXSourcesBuildPhase section */

/* Begin PBXTargetDependency section */
		1789DD65250A659E003C0D6B /* PBXTargetDependency */ = {
			isa = PBXTargetDependency;
			target = 1789DD4C250A659A003C0D6B /* L4STechMon */;
			targetProxy = 1789DD64250A659E003C0D6B /* PBXContainerItemProxy */;
		};
		1789DD70250A659E003C0D6B /* PBXTargetDependency */ = {
			isa = PBXTargetDependency;
			target = 1789DD4C250A659A003C0D6B /* L4STechMon */;
			targetProxy = 1789DD6F250A659E003C0D6B /* PBXContainerItemProxy */;
		};
/* End PBXTargetDependency section */

/* Begin PBXVariantGroup section */
		1789DD56250A659A003C0D6B /* Main.storyboard */ = {
			isa = PBXVariantGroup;
			children = (
				1789DD57250A659A003C0D6B /* Base */,
			);
			name = Main.storyboard;
			sourceTree = "<group>";
		};
		1789DD5B250A659E003C0D6B /* LaunchScreen.storyboard */ = {
			isa = PBXVariantGroup;
			children = (
				1789DD5C250A659E003C0D6B /* Base */,
			);
			name = LaunchScreen.storyboard;
			sourceTree = "<group>";
		};
/* End PBXVariantGroup section */

/* Begin XCBuildConfiguration section */
		1789DD75250A659E003C0D6B /* Debug */ = {
			isa = XCBuildConfiguration;
			buildSettings = {
				ALWAYS_SEARCH_USER_PATHS = NO;
				CLANG_ANALYZER_NONNULL = YES;
				CLANG_ANALYZER_NUMBER_OBJECT_CONVERSION = YES_AGGRESSIVE;
				CLANG_CXX_LANGUAGE_STANDARD = "gnu++14";
				CLANG_CXX_LIBRARY = "libc++";
				CLANG_ENABLE_MODULES = YES;
				CLANG_ENABLE_OBJC_ARC = YES;
				CLANG_ENABLE_OBJC_WEAK = YES;
				CLANG_WARN_BLOCK_CAPTURE_AUTORELEASING = YES;
				CLANG_WARN_BOOL_CONVERSION = YES;
				CLANG_WARN_COMMA = YES;
				CLANG_WARN_CONSTANT_CONVERSION = YES;
				CLANG_WARN_DEPRECATED_OBJC_IMPLEMENTATIONS = YES;
				CLANG_WARN_DIRECT_OBJC_ISA_USAGE = YES_ERROR;
				CLANG_WARN_DOCUMENTATION_COMMENTS = YES;
				CLANG_WARN_EMPTY_BODY = YES;
				CLANG_WARN_ENUM_CONVERSION = YES;
				CLANG_WARN_INFINITE_RECURSION = YES;
				CLANG_WARN_INT_CONVERSION = YES;
				CLANG_WARN_NON_LITERAL_NULL_CONVERSION = YES;
				CLANG_WARN_OBJC_IMPLICIT_RETAIN_SELF = YES;
				CLANG_WARN_OBJC_LITERAL_CONVERSION = YES;
				CLANG_WARN_OBJC_ROOT_CLASS = YES_ERROR;
				CLANG_WARN_RANGE_LOOP_ANALYSIS = YES;
				CLANG_WARN_STRICT_PROTOTYPES = YES;
				CLANG_WARN_SUSPICIOUS_MOVE = YES;
				CLANG_WARN_UNGUARDED_AVAILABILITY = YES_AGGRESSIVE;
				CLANG_WARN_UNREACHABLE_CODE = YES;
				CLANG_WARN__DUPLICATE_METHOD_MATCH = YES;
				COPY_PHASE_STRIP = NO;
				DEBUG_INFORMATION_FORMAT = dwarf;
				ENABLE_STRICT_OBJC_MSGSEND = YES;
				ENABLE_TESTABILITY = YES;
				GCC_C_LANGUAGE_STANDARD = gnu11;
				GCC_DYNAMIC_NO_PIC = NO;
				GCC_NO_COMMON_BLOCKS = YES;
				GCC_OPTIMIZATION_LEVEL = 0;
				GCC_PREPROCESSOR_DEFINITIONS = (
					"DEBUG=1",
					"$(inherited)",
				);
				GCC_WARN_64_TO_32_BIT_CONVERSION = YES;
				GCC_WARN_ABOUT_RETURN_TYPE = YES_ERROR;
				GCC_WARN_UNDECLARED_SELECTOR = YES;
				GCC_WARN_UNINITIALIZED_AUTOS = YES_AGGRESSIVE;
				GCC_WARN_UNUSED_FUNCTION = YES;
				GCC_WARN_UNUSED_VARIABLE = YES;
				IPHONEOS_DEPLOYMENT_TARGET = 13.7;
				MTL_ENABLE_DEBUG_INFO = INCLUDE_SOURCE;
				MTL_FAST_MATH = YES;
				ONLY_ACTIVE_ARCH = YES;
				SDKROOT = iphoneos;
				SWIFT_ACTIVE_COMPILATION_CONDITIONS = DEBUG;
				SWIFT_OPTIMIZATION_LEVEL = "-Onone";
			};
			name = Debug;
		};
		1789DD76250A659E003C0D6B /* Release */ = {
			isa = XCBuildConfiguration;
			buildSettings = {
				ALWAYS_SEARCH_USER_PATHS = NO;
				CLANG_ANALYZER_NONNULL = YES;
				CLANG_ANALYZER_NUMBER_OBJECT_CONVERSION = YES_AGGRESSIVE;
				CLANG_CXX_LANGUAGE_STANDARD = "gnu++14";
				CLANG_CXX_LIBRARY = "libc++";
				CLANG_ENABLE_MODULES = YES;
				CLANG_ENABLE_OBJC_ARC = YES;
				CLANG_ENABLE_OBJC_WEAK = YES;
				CLANG_WARN_BLOCK_CAPTURE_AUTORELEASING = YES;
				CLANG_WARN_BOOL_CONVERSION = YES;
				CLANG_WARN_COMMA = YES;
				CLANG_WARN_CONSTANT_CONVERSION = YES;
				CLANG_WARN_DEPRECATED_OBJC_IMPLEMENTATIONS = YES;
				CLANG_WARN_DIRECT_OBJC_ISA_USAGE = YES_ERROR;
				CLANG_WARN_DOCUMENTATION_COMMENTS = YES;
				CLANG_WARN_EMPTY_BODY = YES;
				CLANG_WARN_ENUM_CONVERSION = YES;
				CLANG_WARN_INFINITE_RECURSION = YES;
				CLANG_WARN_INT_CONVERSION = YES;
				CLANG_WARN_NON_LITERAL_NULL_CONVERSION = YES;
				CLANG_WARN_OBJC_IMPLICIT_RETAIN_SELF = YES;
				CLANG_WARN_OBJC_LITERAL_CONVERSION = YES;
				CLANG_WARN_OBJC_ROOT_CLASS = YES_ERROR;
				CLANG_WARN_RANGE_LOOP_ANALYSIS = YES;
				CLANG_WARN_STRICT_PROTOTYPES = YES;
				CLANG_WARN_SUSPICIOUS_MOVE = YES;
				CLANG_WARN_UNGUARDED_AVAILABILITY = YES_AGGRESSIVE;
				CLANG_WARN_UNREACHABLE_CODE = YES;
				CLANG_WARN__DUPLICATE_METHOD_MATCH = YES;
				COPY_PHASE_STRIP = NO;
				DEBUG_INFORMATION_FORMAT = "dwarf-with-dsym";
				ENABLE_NS_ASSERTIONS = NO;
				ENABLE_STRICT_OBJC_MSGSEND = YES;
				GCC_C_LANGUAGE_STANDARD = gnu11;
				GCC_NO_COMMON_BLOCKS = YES;
				GCC_WARN_64_TO_32_BIT_CONVERSION = YES;
				GCC_WARN_ABOUT_RETURN_TYPE = YES_ERROR;
				GCC_WARN_UNDECLARED_SELECTOR = YES;
				GCC_WARN_UNINITIALIZED_AUTOS = YES_AGGRESSIVE;
				GCC_WARN_UNUSED_FUNCTION = YES;
				GCC_WARN_UNUSED_VARIABLE = YES;
				IPHONEOS_DEPLOYMENT_TARGET = 13.7;
				MTL_ENABLE_DEBUG_INFO = NO;
				MTL_FAST_MATH = YES;
				SDKROOT = iphoneos;
				SWIFT_COMPILATION_MODE = wholemodule;
				SWIFT_OPTIMIZATION_LEVEL = "-O";
				VALIDATE_PRODUCT = YES;
			};
			name = Release;
		};
		1789DD78250A659E003C0D6B /* Debug */ = {
			isa = XCBuildConfiguration;
			buildSettings = {
				ASSETCATALOG_COMPILER_APPICON_NAME = AppIcon;
				CODE_SIGN_STYLE = Automatic;
				INFOPLIST_FILE = L4STechMon/Info.plist;
				LD_RUNPATH_SEARCH_PATHS = (
					"$(inherited)",
					"@executable_path/Frameworks",
				);
				PRODUCT_BUNDLE_IDENTIFIER = app.assan.takemura.L4STechMon;
				PRODUCT_NAME = "$(TARGET_NAME)";
				SWIFT_VERSION = 5.0;
				TARGETED_DEVICE_FAMILY = "1,2";
			};
			name = Debug;
		};
		1789DD79250A659E003C0D6B /* Release */ = {
			isa = XCBuildConfiguration;
			buildSettings = {
				ASSETCATALOG_COMPILER_APPICON_NAME = AppIcon;
				CODE_SIGN_STYLE = Automatic;
				INFOPLIST_FILE = L4STechMon/Info.plist;
				LD_RUNPATH_SEARCH_PATHS = (
					"$(inherited)",
					"@executable_path/Frameworks",
				);
				PRODUCT_BUNDLE_IDENTIFIER = app.assan.takemura.L4STechMon;
				PRODUCT_NAME = "$(TARGET_NAME)";
				SWIFT_VERSION = 5.0;
				TARGETED_DEVICE_FAMILY = "1,2";
			};
			name = Release;
		};
		1789DD7B250A659E003C0D6B /* Debug */ = {
			isa = XCBuildConfiguration;
			buildSettings = {
				ALWAYS_EMBED_SWIFT_STANDARD_LIBRARIES = YES;
				BUNDLE_LOADER = "$(TEST_HOST)";
				CODE_SIGN_STYLE = Automatic;
				INFOPLIST_FILE = L4STechMonTests/Info.plist;
				IPHONEOS_DEPLOYMENT_TARGET = 13.7;
				LD_RUNPATH_SEARCH_PATHS = (
					"$(inherited)",
					"@executable_path/Frameworks",
					"@loader_path/Frameworks",
				);
				PRODUCT_BUNDLE_IDENTIFIER = app.assan.takemura.L4STechMonTests;
				PRODUCT_NAME = "$(TARGET_NAME)";
				SWIFT_VERSION = 5.0;
				TARGETED_DEVICE_FAMILY = "1,2";
				TEST_HOST = "$(BUILT_PRODUCTS_DIR)/L4STechMon.app/L4STechMon";
			};
			name = Debug;
		};
		1789DD7C250A659E003C0D6B /* Release */ = {
			isa = XCBuildConfiguration;
			buildSettings = {
				ALWAYS_EMBED_SWIFT_STANDARD_LIBRARIES = YES;
				BUNDLE_LOADER = "$(TEST_HOST)";
				CODE_SIGN_STYLE = Automatic;
				INFOPLIST_FILE = L4STechMonTests/Info.plist;
				IPHONEOS_DEPLOYMENT_TARGET = 13.7;
				LD_RUNPATH_SEARCH_PATHS = (
					"$(inherited)",
					"@executable_path/Frameworks",
					"@loader_path/Frameworks",
				);
				PRODUCT_BUNDLE_IDENTIFIER = app.assan.takemura.L4STechMonTests;
				PRODUCT_NAME = "$(TARGET_NAME)";
				SWIFT_VERSION = 5.0;
				TARGETED_DEVICE_FAMILY = "1,2";
				TEST_HOST = "$(BUILT_PRODUCTS_DIR)/L4STechMon.app/L4STechMon";
			};
			name = Release;
		};
		1789DD7E250A659E003C0D6B /* Debug */ = {
			isa = XCBuildConfiguration;
			buildSettings = {
				ALWAYS_EMBED_SWIFT_STANDARD_LIBRARIES = YES;
				CODE_SIGN_STYLE = Automatic;
				INFOPLIST_FILE = L4STechMonUITests/Info.plist;
				LD_RUNPATH_SEARCH_PATHS = (
					"$(inherited)",
					"@executable_path/Frameworks",
					"@loader_path/Frameworks",
				);
				PRODUCT_BUNDLE_IDENTIFIER = app.assan.takemura.L4STechMonUITests;
				PRODUCT_NAME = "$(TARGET_NAME)";
				SWIFT_VERSION = 5.0;
				TARGETED_DEVICE_FAMILY = "1,2";
				TEST_TARGET_NAME = L4STechMon;
			};
			name = Debug;
		};
		1789DD7F250A659E003C0D6B /* Release */ = {
			isa = XCBuildConfiguration;
			buildSettings = {
				ALWAYS_EMBED_SWIFT_STANDARD_LIBRARIES = YES;
				CODE_SIGN_STYLE = Automatic;
				INFOPLIST_FILE = L4STechMonUITests/Info.plist;
				LD_RUNPATH_SEARCH_PATHS = (
					"$(inherited)",
					"@executable_path/Frameworks",
					"@loader_path/Frameworks",
				);
				PRODUCT_BUNDLE_IDENTIFIER = app.assan.takemura.L4STechMonUITests;
				PRODUCT_NAME = "$(TARGET_NAME)";
				SWIFT_VERSION = 5.0;
				TARGETED_DEVICE_FAMILY = "1,2";
				TEST_TARGET_NAME = L4STechMon;
			};
			name = Release;
		};
/* End XCBuildConfiguration section */

/* Begin XCConfigurationList section */
		1789DD48250A659A003C0D6B /* Build configuration list for PBXProject "L4STechMon" */ = {
			isa = XCConfigurationList;
			buildConfigurations = (
				1789DD75250A659E003C0D6B /* Debug */,
				1789DD76250A659E003C0D6B /* Release */,
			);
			defaultConfigurationIsVisible = 0;
			defaultConfigurationName = Release;
		};
		1789DD77250A659E003C0D6B /* Build configuration list for PBXNativeTarget "L4STechMon" */ = {
			isa = XCConfigurationList;
			buildConfigurations = (
				1789DD78250A659E003C0D6B /* Debug */,
				1789DD79250A659E003C0D6B /* Release */,
			);
			defaultConfigurationIsVisible = 0;
			defaultConfigurationName = Release;
		};
		1789DD7A250A659E003C0D6B /* Build configuration list for PBXNativeTarget "L4STechMonTests" */ = {
			isa = XCConfigurationList;
			buildConfigurations = (
				1789DD7B250A659E003C0D6B /* Debug */,
				1789DD7C250A659E003C0D6B /* Release */,
			);
			defaultConfigurationIsVisible = 0;
			defaultConfigurationName = Release;
		};
		1789DD7D250A659E003C0D6B /* Build configuration list for PBXNativeTarget "L4STechMonUITests" */ = {
			isa = XCConfigurationList;
			buildConfigurations = (
				1789DD7E250A659E003C0D6B /* Debug */,
				1789DD7F250A659E003C0D6B /* Release */,
			);
			defaultConfigurationIsVisible = 0;
			defaultConfigurationName = Release;
		};
/* End XCConfigurationList section */
	};
	rootObject = 1789DD45250A659A003C0D6B /* Project object */;
}
